
Microsoft Visual Studio Solution File, Format Version 12.00
# Visual Studio Version 16
VisualStudioVersion = 16.0.29509.3
MinimumVisualStudioVersion = 10.0.40219.1
Project("{9A19103F-16F7-4668-BE54-9A1E7A4F7556}") = "PubSubDemo.ProductAPI", "PubSubDemo.ProductAPI\PubSubDemo.ProductAPI.csproj", "{30E51278-0B54-4186-8CBC-DB75C3B9AD4C}"
EndProject
Project("{9A19103F-16F7-4668-BE54-9A1E7A4F7556}") = "PubSubDemo.ProductAPI.Entities", "PubSubDemo.ProductAPI.Entities\PubSubDemo.ProductAPI.Entities.csproj", "{A60372F8-9F36-4F4C-B752-9351E004E8A7}"
EndProject
Project("{9A19103F-16F7-4668-BE54-9A1E7A4F7556}") = "PubSubDemo.ProductAPI.Bootstrapper", "PubSubDemo.ProductAPI.Bootstrapper\PubSubDemo.ProductAPI.Bootstrapper.csproj", "{C8114227-E594-48D4-B798-BCFE47513F0E}"
EndProject
Project("{2150E333-8FDC-42A3-9474-1A3956D46DE8}") = "API", "API", "{6D05E481-BEC3-436A-8772-7750E27ED35F}"
EndProject
Project("{9A19103F-16F7-4668-BE54-9A1E7A4F7556}") = "PubSubDemo.ProductAPI.Business", "PubSubDemo.ProductAPI.Business\PubSubDemo.ProductAPI.Business.csproj", "{BF41B1FF-EC8F-4362-830C-0D48CA7046C7}"
EndProject
Project("{9A19103F-16F7-4668-BE54-9A1E7A4F7556}") = "PubSubDemo.ProductAPI.Business.Contract", "PubSubDemo.ProductAPI.Business.Contract\PubSubDemo.ProductAPI.Business.Contract.csproj", "{4EB6B79B-5AB0-4084-94C0-BB3C3EC648E3}"
EndProject
Project("{2150E333-8FDC-42A3-9474-1A3956D46DE8}") = "DataProcessor", "DataProcessor", "{8F0830DA-CD72-47A3-A775-D2F672CF6892}"
EndProject
Project("{9A19103F-16F7-4668-BE54-9A1E7A4F7556}") = "PubSubDemo.DataProcessor.Business.Entities", "PubSubDemo.DataProcessor.Business.Entities\PubSubDemo.DataProcessor.Business.Entities.csproj", "{58364AAE-F852-4F64-ABD8-45ECB683B3F1}"
EndProject
Project("{9A19103F-16F7-4668-BE54-9A1E7A4F7556}") = "PubSubDemo.DataProcessor.Business.Service", "PubSubDemo.DataProcessor.Business.Service\PubSubDemo.DataProcessor.Business.Service.csproj", "{7E57ABC3-40E2-4423-8C1E-0664E7296D8B}"
EndProject
Project("{9A19103F-16F7-4668-BE54-9A1E7A4F7556}") = "PubSubDemo.DataProcessor.Business.Service.Contract", "PubSubDemo.DataProcessor.Business.Service.Contract\PubSubDemo.DataProcessor.Business.Service.Contract.csproj", "{58517299-ED91-40D3-8D30-08135268FDFE}"
EndProject
Project("{9A19103F-16F7-4668-BE54-9A1E7A4F7556}") = "PubSubDemo.DataProcessor", "PubSubDemo.DataProcessor\PubSubDemo.DataProcessor.csproj", "{A459C86D-D0DD-4CAE-AFEE-21103F91D7A2}"
EndProject
Project("{9A19103F-16F7-4668-BE54-9A1E7A4F7556}") = "PubSubDemo.DataProcessor.Bootstrapper", "PubSubDemo.DataProcessor.Bootstrapper\PubSubDemo.DataProcessor.Bootstrapper.csproj", "{C20D0E2D-3708-4432-8FC1-BC25AAA9BB66}"
EndProject
Project("{9A19103F-16F7-4668-BE54-9A1E7A4F7556}") = "PubSubDemo.Utils", "PubSubDemo.Utils\PubSubDemo.Utils.csproj", "{2B4F1B4D-64D5-4EB9-A9DC-28C3DA9872D0}"
EndProject
Project("{9A19103F-16F7-4668-BE54-9A1E7A4F7556}") = "PubSubDemo.DataProcessor.Data", "PubSubDemo.DataProcessor.Data\PubSubDemo.DataProcessor.Data.csproj", "{7A8C4EBD-6F11-486C-975B-5C29A7A5EBE1}"
EndProject
Project("{9A19103F-16F7-4668-BE54-9A1E7A4F7556}") = "PubSubDemo.DataProcessor.Data.Contract", "PubSubDemo.DataProcessor.Data.Contract\PubSubDemo.DataProcessor.Data.Contract.csproj", "{760DC19C-0613-4816-8642-C125FB11E3CF}"
EndProject
Project("{9A19103F-16F7-4668-BE54-9A1E7A4F7556}") = "PubSubDemo.DataProcessor.Data.Entities", "PubSubDemo.DataProcessor.Data.Entities\PubSubDemo.DataProcessor.Data.Entities.csproj", "{3ED6BA5F-63F9-4E0E-A02D-E1BD2DD61585}"
EndProject
Project("{2150E333-8FDC-42A3-9474-1A3956D46DE8}") = "EventProcessor", "EventProcessor", "{A60C031B-F32B-4518-A292-184C06182A65}"
EndProject
Project("{2150E333-8FDC-42A3-9474-1A3956D46DE8}") = "Common", "Common", "{A0B17314-4E7C-4D4C-BD6F-9AA9271F06D8}"
EndProject
Project("{9A19103F-16F7-4668-BE54-9A1E7A4F7556}") = "PubSubDemo.EventProcessor.Business.Service", "PubSubDemo.EventProcessor.Business.Service\PubSubDemo.EventProcessor.Business.Service.csproj", "{1E48C083-7544-4884-A13F-49787A031959}"
EndProject
Project("{9A19103F-16F7-4668-BE54-9A1E7A4F7556}") = "PubSubDemo.EventProcessor.Business.Contract", "PubSubDemo.EventProcessor.Business.Contract\PubSubDemo.EventProcessor.Business.Contract.csproj", "{89A9F824-BA1E-4841-983C-22F97FEBBA13}"
EndProject
Project("{9A19103F-16F7-4668-BE54-9A1E7A4F7556}") = "PubSubDemo.EventProcessor", "PubSubDemo.EventProcessor\PubSubDemo.EventProcessor.csproj", "{9AE50016-502E-4E3A-B6A2-A408836C8CBC}"
EndProject
Project("{9A19103F-16F7-4668-BE54-9A1E7A4F7556}") = "PubSubDemo.EventProcessor.Bootstrapper", "PubSubDemo.EventProcessor.Bootstrapper\PubSubDemo.EventProcessor.Bootstrapper.csproj", "{7A4D13F3-B03B-4FD6-B756-C0342874C78C}"
EndProject
Project("{2150E333-8FDC-42A3-9474-1A3956D46DE8}") = "Data", "Data", "{8677A733-C74C-4B6D-A4E4-7608997CC35A}"
EndProject
Project("{2150E333-8FDC-42A3-9474-1A3956D46DE8}") = "Business", "Business", "{E2BDE344-F699-4641-8177-D61643FF0E77}"
EndProject
Project("{9A19103F-16F7-4668-BE54-9A1E7A4F7556}") = "PubSubDemo.EventProcessor.Business.Entities", "PubSubDemo.EventProcessor.Business.Entities\PubSubDemo.EventProcessor.Business.Entities.csproj", "{2A396F40-9A86-473F-A3E6-54A09F716E61}"
EndProject
Project("{2150E333-8FDC-42A3-9474-1A3956D46DE8}") = "Data", "Data", "{92CD5C69-0F1F-4573-BFF2-F3F63A2887A6}"
EndProject
Project("{2150E333-8FDC-42A3-9474-1A3956D46DE8}") = "Business", "Business", "{F5282FE9-C4AB-4D87-9BEA-1C0B0F468D07}"
EndProject
Project("{FAE04EC0-301F-11D3-BF4B-00C04F79EFBC}") = "PubSubDemo.EventProcessor.Data", "PubSubDemo.EventProcessor.Data\PubSubDemo.EventProcessor.Data.csproj", "{6754A1B2-AB2D-44F4-B320-A8CD4FFDC34C}"
EndProject
Project("{FAE04EC0-301F-11D3-BF4B-00C04F79EFBC}") = "PubSubDemo.EventProcessor.Data.Contract", "PubSubDemo.EventProcessor.Data.Contract\PubSubDemo.EventProcessor.Data.Contract.csproj", "{2F5CFC18-647D-44C7-9384-A703C228F3EA}"
EndProject
Project("{FAE04EC0-301F-11D3-BF4B-00C04F79EFBC}") = "PubSubDemo.EventProcessor.Data.Entity", "PubSubDemo.EventProcessor.Data.Entity\PubSubDemo.EventProcessor.Data.Entity.csproj", "{28177887-5DBC-4AE9-9857-3277B9B17C0F}"
EndProject
Global
	GlobalSection(SolutionConfigurationPlatforms) = preSolution
		Debug|Any CPU = Debug|Any CPU
		Release|Any CPU = Release|Any CPU
	EndGlobalSection
	GlobalSection(ProjectConfigurationPlatforms) = postSolution
		{30E51278-0B54-4186-8CBC-DB75C3B9AD4C}.Debug|Any CPU.ActiveCfg = Debug|Any CPU
		{30E51278-0B54-4186-8CBC-DB75C3B9AD4C}.Debug|Any CPU.Build.0 = Debug|Any CPU
		{30E51278-0B54-4186-8CBC-DB75C3B9AD4C}.Release|Any CPU.ActiveCfg = Release|Any CPU
		{30E51278-0B54-4186-8CBC-DB75C3B9AD4C}.Release|Any CPU.Build.0 = Release|Any CPU
		{A60372F8-9F36-4F4C-B752-9351E004E8A7}.Debug|Any CPU.ActiveCfg = Debug|Any CPU
		{A60372F8-9F36-4F4C-B752-9351E004E8A7}.Debug|Any CPU.Build.0 = Debug|Any CPU
		{A60372F8-9F36-4F4C-B752-9351E004E8A7}.Release|Any CPU.ActiveCfg = Release|Any CPU
		{A60372F8-9F36-4F4C-B752-9351E004E8A7}.Release|Any CPU.Build.0 = Release|Any CPU
		{C8114227-E594-48D4-B798-BCFE47513F0E}.Debug|Any CPU.ActiveCfg = Debug|Any CPU
		{C8114227-E594-48D4-B798-BCFE47513F0E}.Debug|Any CPU.Build.0 = Debug|Any CPU
		{C8114227-E594-48D4-B798-BCFE47513F0E}.Release|Any CPU.ActiveCfg = Release|Any CPU
		{C8114227-E594-48D4-B798-BCFE47513F0E}.Release|Any CPU.Build.0 = Release|Any CPU
		{BF41B1FF-EC8F-4362-830C-0D48CA7046C7}.Debug|Any CPU.ActiveCfg = Debug|Any CPU
		{BF41B1FF-EC8F-4362-830C-0D48CA7046C7}.Debug|Any CPU.Build.0 = Debug|Any CPU
		{BF41B1FF-EC8F-4362-830C-0D48CA7046C7}.Release|Any CPU.ActiveCfg = Release|Any CPU
		{BF41B1FF-EC8F-4362-830C-0D48CA7046C7}.Release|Any CPU.Build.0 = Release|Any CPU
		{4EB6B79B-5AB0-4084-94C0-BB3C3EC648E3}.Debug|Any CPU.ActiveCfg = Debug|Any CPU
		{4EB6B79B-5AB0-4084-94C0-BB3C3EC648E3}.Debug|Any CPU.Build.0 = Debug|Any CPU
		{4EB6B79B-5AB0-4084-94C0-BB3C3EC648E3}.Release|Any CPU.ActiveCfg = Release|Any CPU
		{4EB6B79B-5AB0-4084-94C0-BB3C3EC648E3}.Release|Any CPU.Build.0 = Release|Any CPU
		{58364AAE-F852-4F64-ABD8-45ECB683B3F1}.Debug|Any CPU.ActiveCfg = Debug|Any CPU
		{58364AAE-F852-4F64-ABD8-45ECB683B3F1}.Debug|Any CPU.Build.0 = Debug|Any CPU
		{58364AAE-F852-4F64-ABD8-45ECB683B3F1}.Release|Any CPU.ActiveCfg = Release|Any CPU
		{58364AAE-F852-4F64-ABD8-45ECB683B3F1}.Release|Any CPU.Build.0 = Release|Any CPU
		{7E57ABC3-40E2-4423-8C1E-0664E7296D8B}.Debug|Any CPU.ActiveCfg = Debug|Any CPU
		{7E57ABC3-40E2-4423-8C1E-0664E7296D8B}.Debug|Any CPU.Build.0 = Debug|Any CPU
		{7E57ABC3-40E2-4423-8C1E-0664E7296D8B}.Release|Any CPU.ActiveCfg = Release|Any CPU
		{7E57ABC3-40E2-4423-8C1E-0664E7296D8B}.Release|Any CPU.Build.0 = Release|Any CPU
		{58517299-ED91-40D3-8D30-08135268FDFE}.Debug|Any CPU.ActiveCfg = Debug|Any CPU
		{58517299-ED91-40D3-8D30-08135268FDFE}.Debug|Any CPU.Build.0 = Debug|Any CPU
		{58517299-ED91-40D3-8D30-08135268FDFE}.Release|Any CPU.ActiveCfg = Release|Any CPU
		{58517299-ED91-40D3-8D30-08135268FDFE}.Release|Any CPU.Build.0 = Release|Any CPU
		{A459C86D-D0DD-4CAE-AFEE-21103F91D7A2}.Debug|Any CPU.ActiveCfg = Debug|Any CPU
		{A459C86D-D0DD-4CAE-AFEE-21103F91D7A2}.Debug|Any CPU.Build.0 = Debug|Any CPU
		{A459C86D-D0DD-4CAE-AFEE-21103F91D7A2}.Release|Any CPU.ActiveCfg = Release|Any CPU
		{A459C86D-D0DD-4CAE-AFEE-21103F91D7A2}.Release|Any CPU.Build.0 = Release|Any CPU
		{C20D0E2D-3708-4432-8FC1-BC25AAA9BB66}.Debug|Any CPU.ActiveCfg = Debug|Any CPU
		{C20D0E2D-3708-4432-8FC1-BC25AAA9BB66}.Debug|Any CPU.Build.0 = Debug|Any CPU
		{C20D0E2D-3708-4432-8FC1-BC25AAA9BB66}.Release|Any CPU.ActiveCfg = Release|Any CPU
		{C20D0E2D-3708-4432-8FC1-BC25AAA9BB66}.Release|Any CPU.Build.0 = Release|Any CPU
		{2B4F1B4D-64D5-4EB9-A9DC-28C3DA9872D0}.Debug|Any CPU.ActiveCfg = Debug|Any CPU
		{2B4F1B4D-64D5-4EB9-A9DC-28C3DA9872D0}.Debug|Any CPU.Build.0 = Debug|Any CPU
		{2B4F1B4D-64D5-4EB9-A9DC-28C3DA9872D0}.Release|Any CPU.ActiveCfg = Release|Any CPU
		{2B4F1B4D-64D5-4EB9-A9DC-28C3DA9872D0}.Release|Any CPU.Build.0 = Release|Any CPU
		{7A8C4EBD-6F11-486C-975B-5C29A7A5EBE1}.Debug|Any CPU.ActiveCfg = Debug|Any CPU
		{7A8C4EBD-6F11-486C-975B-5C29A7A5EBE1}.Debug|Any CPU.Build.0 = Debug|Any CPU
		{7A8C4EBD-6F11-486C-975B-5C29A7A5EBE1}.Release|Any CPU.ActiveCfg = Release|Any CPU
		{7A8C4EBD-6F11-486C-975B-5C29A7A5EBE1}.Release|Any CPU.Build.0 = Release|Any CPU
		{760DC19C-0613-4816-8642-C125FB11E3CF}.Debug|Any CPU.ActiveCfg = Debug|Any CPU
		{760DC19C-0613-4816-8642-C125FB11E3CF}.Debug|Any CPU.Build.0 = Debug|Any CPU
		{760DC19C-0613-4816-8642-C125FB11E3CF}.Release|Any CPU.ActiveCfg = Release|Any CPU
		{760DC19C-0613-4816-8642-C125FB11E3CF}.Release|Any CPU.Build.0 = Release|Any CPU
		{3ED6BA5F-63F9-4E0E-A02D-E1BD2DD61585}.Debug|Any CPU.ActiveCfg = Debug|Any CPU
		{3ED6BA5F-63F9-4E0E-A02D-E1BD2DD61585}.Debug|Any CPU.Build.0 = Debug|Any CPU
		{3ED6BA5F-63F9-4E0E-A02D-E1BD2DD61585}.Release|Any CPU.ActiveCfg = Release|Any CPU
		{3ED6BA5F-63F9-4E0E-A02D-E1BD2DD61585}.Release|Any CPU.Build.0 = Release|Any CPU
		{1E48C083-7544-4884-A13F-49787A031959}.Debug|Any CPU.ActiveCfg = Debug|Any CPU
		{1E48C083-7544-4884-A13F-49787A031959}.Debug|Any CPU.Build.0 = Debug|Any CPU
		{1E48C083-7544-4884-A13F-49787A031959}.Release|Any CPU.ActiveCfg = Release|Any CPU
		{1E48C083-7544-4884-A13F-49787A031959}.Release|Any CPU.Build.0 = Release|Any CPU
		{89A9F824-BA1E-4841-983C-22F97FEBBA13}.Debug|Any CPU.ActiveCfg = Debug|Any CPU
		{89A9F824-BA1E-4841-983C-22F97FEBBA13}.Debug|Any CPU.Build.0 = Debug|Any CPU
		{89A9F824-BA1E-4841-983C-22F97FEBBA13}.Release|Any CPU.ActiveCfg = Release|Any CPU
		{89A9F824-BA1E-4841-983C-22F97FEBBA13}.Release|Any CPU.Build.0 = Release|Any CPU
		{9AE50016-502E-4E3A-B6A2-A408836C8CBC}.Debug|Any CPU.ActiveCfg = Debug|Any CPU
		{9AE50016-502E-4E3A-B6A2-A408836C8CBC}.Debug|Any CPU.Build.0 = Debug|Any CPU
		{9AE50016-502E-4E3A-B6A2-A408836C8CBC}.Release|Any CPU.ActiveCfg = Release|Any CPU
		{9AE50016-502E-4E3A-B6A2-A408836C8CBC}.Release|Any CPU.Build.0 = Release|Any CPU
		{7A4D13F3-B03B-4FD6-B756-C0342874C78C}.Debug|Any CPU.ActiveCfg = Debug|Any CPU
		{7A4D13F3-B03B-4FD6-B756-C0342874C78C}.Debug|Any CPU.Build.0 = Debug|Any CPU
		{7A4D13F3-B03B-4FD6-B756-C0342874C78C}.Release|Any CPU.ActiveCfg = Release|Any CPU
		{7A4D13F3-B03B-4FD6-B756-C0342874C78C}.Release|Any CPU.Build.0 = Release|Any CPU
		{2A396F40-9A86-473F-A3E6-54A09F716E61}.Debug|Any CPU.ActiveCfg = Debug|Any CPU
		{2A396F40-9A86-473F-A3E6-54A09F716E61}.Debug|Any CPU.Build.0 = Debug|Any CPU
		{2A396F40-9A86-473F-A3E6-54A09F716E61}.Release|Any CPU.ActiveCfg = Release|Any CPU
		{2A396F40-9A86-473F-A3E6-54A09F716E61}.Release|Any CPU.Build.0 = Release|Any CPU
		{6754A1B2-AB2D-44F4-B320-A8CD4FFDC34C}.Debug|Any CPU.ActiveCfg = Debug|Any CPU
		{6754A1B2-AB2D-44F4-B320-A8CD4FFDC34C}.Debug|Any CPU.Build.0 = Debug|Any CPU
		{6754A1B2-AB2D-44F4-B320-A8CD4FFDC34C}.Release|Any CPU.ActiveCfg = Release|Any CPU
		{6754A1B2-AB2D-44F4-B320-A8CD4FFDC34C}.Release|Any CPU.Build.0 = Release|Any CPU
		{2F5CFC18-647D-44C7-9384-A703C228F3EA}.Debug|Any CPU.ActiveCfg = Debug|Any CPU
		{2F5CFC18-647D-44C7-9384-A703C228F3EA}.Debug|Any CPU.Build.0 = Debug|Any CPU
		{2F5CFC18-647D-44C7-9384-A703C228F3EA}.Release|Any CPU.ActiveCfg = Release|Any CPU
		{2F5CFC18-647D-44C7-9384-A703C228F3EA}.Release|Any CPU.Build.0 = Release|Any CPU
		{28177887-5DBC-4AE9-9857-3277B9B17C0F}.Debug|Any CPU.ActiveCfg = Debug|Any CPU
		{28177887-5DBC-4AE9-9857-3277B9B17C0F}.Debug|Any CPU.Build.0 = Debug|Any CPU
		{28177887-5DBC-4AE9-9857-3277B9B17C0F}.Release|Any CPU.ActiveCfg = Release|Any CPU
		{28177887-5DBC-4AE9-9857-3277B9B17C0F}.Release|Any CPU.Build.0 = Release|Any CPU
	EndGlobalSection
	GlobalSection(SolutionProperties) = preSolution
		HideSolutionNode = FALSE
	EndGlobalSection
	GlobalSection(NestedProjects) = preSolution
		{30E51278-0B54-4186-8CBC-DB75C3B9AD4C} = {6D05E481-BEC3-436A-8772-7750E27ED35F}
		{A60372F8-9F36-4F4C-B752-9351E004E8A7} = {6D05E481-BEC3-436A-8772-7750E27ED35F}
		{C8114227-E594-48D4-B798-BCFE47513F0E} = {6D05E481-BEC3-436A-8772-7750E27ED35F}
		{BF41B1FF-EC8F-4362-830C-0D48CA7046C7} = {6D05E481-BEC3-436A-8772-7750E27ED35F}
		{4EB6B79B-5AB0-4084-94C0-BB3C3EC648E3} = {6D05E481-BEC3-436A-8772-7750E27ED35F}
		{58364AAE-F852-4F64-ABD8-45ECB683B3F1} = {E2BDE344-F699-4641-8177-D61643FF0E77}
		{7E57ABC3-40E2-4423-8C1E-0664E7296D8B} = {E2BDE344-F699-4641-8177-D61643FF0E77}
		{58517299-ED91-40D3-8D30-08135268FDFE} = {E2BDE344-F699-4641-8177-D61643FF0E77}
		{A459C86D-D0DD-4CAE-AFEE-21103F91D7A2} = {8F0830DA-CD72-47A3-A775-D2F672CF6892}
		{C20D0E2D-3708-4432-8FC1-BC25AAA9BB66} = {8F0830DA-CD72-47A3-A775-D2F672CF6892}
		{2B4F1B4D-64D5-4EB9-A9DC-28C3DA9872D0} = {A0B17314-4E7C-4D4C-BD6F-9AA9271F06D8}
		{7A8C4EBD-6F11-486C-975B-5C29A7A5EBE1} = {8677A733-C74C-4B6D-A4E4-7608997CC35A}
		{760DC19C-0613-4816-8642-C125FB11E3CF} = {8677A733-C74C-4B6D-A4E4-7608997CC35A}
		{3ED6BA5F-63F9-4E0E-A02D-E1BD2DD61585} = {8677A733-C74C-4B6D-A4E4-7608997CC35A}
		{1E48C083-7544-4884-A13F-49787A031959} = {F5282FE9-C4AB-4D87-9BEA-1C0B0F468D07}
		{89A9F824-BA1E-4841-983C-22F97FEBBA13} = {F5282FE9-C4AB-4D87-9BEA-1C0B0F468D07}
		{9AE50016-502E-4E3A-B6A2-A408836C8CBC} = {A60C031B-F32B-4518-A292-184C06182A65}
		{7A4D13F3-B03B-4FD6-B756-C0342874C78C} = {A60C031B-F32B-4518-A292-184C06182A65}
		{8677A733-C74C-4B6D-A4E4-7608997CC35A} = {8F0830DA-CD72-47A3-A775-D2F672CF6892}
		{E2BDE344-F699-4641-8177-D61643FF0E77} = {8F0830DA-CD72-47A3-A775-D2F672CF6892}
		{2A396F40-9A86-473F-A3E6-54A09F716E61} = {F5282FE9-C4AB-4D87-9BEA-1C0B0F468D07}
		{92CD5C69-0F1F-4573-BFF2-F3F63A2887A6} = {A60C031B-F32B-4518-A292-184C06182A65}
		{F5282FE9-C4AB-4D87-9BEA-1C0B0F468D07} = {A60C031B-F32B-4518-A292-184C06182A65}
		{6754A1B2-AB2D-44F4-B320-A8CD4FFDC34C} = {92CD5C69-0F1F-4573-BFF2-F3F63A2887A6}
		{2F5CFC18-647D-44C7-9384-A703C228F3EA} = {92CD5C69-0F1F-4573-BFF2-F3F63A2887A6}
		{28177887-5DBC-4AE9-9857-3277B9B17C0F} = {92CD5C69-0F1F-4573-BFF2-F3F63A2887A6}
	EndGlobalSection
	GlobalSection(ExtensibilityGlobals) = postSolution
		SolutionGuid = {2B005474-9C8C-4BB1-A4CF-9E4BA3EB5C24}
	EndGlobalSection
EndGlobal
